
Microsoft Visual Studio Solution File, Format Version 12.00
# Visual Studio Version 17
VisualStudioVersion = 17.11.35312.102
MinimumVisualStudioVersion = 10.0.40219.1
Project("{FAE04EC0-301F-11D3-BF4B-00C04F79EFBC}") = "AMS", "..\Admin Management System\AMS.csproj", "{18135D48-F3F7-480D-9C20-1FFB171A32E8}"
EndProject
Project("{2150E333-8FDC-42A3-9474-1A3956D46DE8}") = "Admin System", "Admin System", "{E673754F-D813-4091-9003-178CA7A57C1C}"
EndProject
Project("{2150E333-8FDC-42A3-9474-1A3956D46DE8}") = "Student System", "Student System", "{A0FFD600-EDA9-4539-8045-F72E034B335E}"
EndProject
Project("{2150E333-8FDC-42A3-9474-1A3956D46DE8}") = "Doctor System", "Doctor System", "{B61DC050-7798-415F-BB70-2CF889258ED8}"
EndProject
Project("{FAE04EC0-301F-11D3-BF4B-00C04F79EFBC}") = "AMS_DataAccessLayer", "Admin Management System\AMS_DataAccess\AMS_DataAccessLayer.csproj", "{28087A0C-F7EF-4209-BD3B-91C8131889F1}"
EndProject
Project("{FAE04EC0-301F-11D3-BF4B-00C04F79EFBC}") = "AMS_BusinessLayer", "Admin Management System\AMS_BusinessLayer\AMS_BusinessLayer.csproj", "{2FBF7AE0-70AD-43B0-BAF2-038393DEBC02}"
EndProject
Project("{FAE04EC0-301F-11D3-BF4B-00C04F79EFBC}") = "SMS", "Student Management System\SMS\SMS.csproj", "{2127DFFA-1756-47BF-AD38-3C1A152A9828}"
EndProject
Project("{FAE04EC0-301F-11D3-BF4B-00C04F79EFBC}") = "SMS_DataAccessLayer", "Student Management System\SMS_DataAccessLayer\SMS_DataAccessLayer.csproj", "{86DC6A9F-112C-483E-A107-3647C741ACBE}"
EndProject
Project("{FAE04EC0-301F-11D3-BF4B-00C04F79EFBC}") = "SMS_BusinessLayer", "Student Management System\SMS_BusinessLayer\SMS_BusinessLayer.csproj", "{0052F7BC-BE0D-45E0-AEA6-59246CA5D31B}"
EndProject
Project("{FAE04EC0-301F-11D3-BF4B-00C04F79EFBC}") = "DMS", "Doctor Management System\DMS\DMS.csproj", "{773B114F-ABCA-40F1-ABEC-F6645AD8013C}"
EndProject
Project("{FAE04EC0-301F-11D3-BF4B-00C04F79EFBC}") = "DMS_BusinessLayer", "Doctor Management System\DMS_BusinessLayer\DMS_BusinessLayer.csproj", "{51D369E3-597E-4A0E-84C4-FE89B583FF60}"
EndProject
Project("{FAE04EC0-301F-11D3-BF4B-00C04F79EFBC}") = "DMS_DataAccessLayer", "Doctor Management System\DMS_DataAccessLayer\DMS_DataAccessLayer.csproj", "{C4629F6D-A128-4FD1-ADD1-BEF1179C4FF8}"
EndProject
Project("{2150E333-8FDC-42A3-9474-1A3956D46DE8}") = "Shared Library", "Shared Library", "{6B5D1974-9FF8-4279-8889-F5B1BC023682}"
EndProject
Project("{FAE04EC0-301F-11D3-BF4B-00C04F79EFBC}") = "SharedLibrary", "Shared Library\SharedLibrary\SharedLibrary.csproj", "{7233840E-D9BF-4CBF-965A-46F34A4DBBB9}"
EndProject
Global
	GlobalSection(SolutionConfigurationPlatforms) = preSolution
		Debug|Any CPU = Debug|Any CPU
		Release|Any CPU = Release|Any CPU
	EndGlobalSection
	GlobalSection(ProjectConfigurationPlatforms) = postSolution
		{18135D48-F3F7-480D-9C20-1FFB171A32E8}.Debug|Any CPU.ActiveCfg = Debug|Any CPU
		{18135D48-F3F7-480D-9C20-1FFB171A32E8}.Debug|Any CPU.Build.0 = Debug|Any CPU
		{18135D48-F3F7-480D-9C20-1FFB171A32E8}.Release|Any CPU.ActiveCfg = Release|Any CPU
		{18135D48-F3F7-480D-9C20-1FFB171A32E8}.Release|Any CPU.Build.0 = Release|Any CPU
		{28087A0C-F7EF-4209-BD3B-91C8131889F1}.Debug|Any CPU.ActiveCfg = Debug|Any CPU
		{28087A0C-F7EF-4209-BD3B-91C8131889F1}.Debug|Any CPU.Build.0 = Debug|Any CPU
		{28087A0C-F7EF-4209-BD3B-91C8131889F1}.Release|Any CPU.ActiveCfg = Release|Any CPU
		{28087A0C-F7EF-4209-BD3B-91C8131889F1}.Release|Any CPU.Build.0 = Release|Any CPU
		{2FBF7AE0-70AD-43B0-BAF2-038393DEBC02}.Debug|Any CPU.ActiveCfg = Debug|Any CPU
		{2FBF7AE0-70AD-43B0-BAF2-038393DEBC02}.Debug|Any CPU.Build.0 = Debug|Any CPU
		{2FBF7AE0-70AD-43B0-BAF2-038393DEBC02}.Release|Any CPU.ActiveCfg = Release|Any CPU
		{2FBF7AE0-70AD-43B0-BAF2-038393DEBC02}.Release|Any CPU.Build.0 = Release|Any CPU
		{2127DFFA-1756-47BF-AD38-3C1A152A9828}.Debug|Any CPU.ActiveCfg = Debug|Any CPU
		{2127DFFA-1756-47BF-AD38-3C1A152A9828}.Debug|Any CPU.Build.0 = Debug|Any CPU
		{2127DFFA-1756-47BF-AD38-3C1A152A9828}.Release|Any CPU.ActiveCfg = Release|Any CPU
		{2127DFFA-1756-47BF-AD38-3C1A152A9828}.Release|Any CPU.Build.0 = Release|Any CPU
		{86DC6A9F-112C-483E-A107-3647C741ACBE}.Debug|Any CPU.ActiveCfg = Debug|Any CPU
		{86DC6A9F-112C-483E-A107-3647C741ACBE}.Debug|Any CPU.Build.0 = Debug|Any CPU
		{86DC6A9F-112C-483E-A107-3647C741ACBE}.Release|Any CPU.ActiveCfg = Release|Any CPU
		{86DC6A9F-112C-483E-A107-3647C741ACBE}.Release|Any CPU.Build.0 = Release|Any CPU
		{0052F7BC-BE0D-45E0-AEA6-59246CA5D31B}.Debug|Any CPU.ActiveCfg = Debug|Any CPU
		{0052F7BC-BE0D-45E0-AEA6-59246CA5D31B}.Debug|Any CPU.Build.0 = Debug|Any CPU
		{0052F7BC-BE0D-45E0-AEA6-59246CA5D31B}.Release|Any CPU.ActiveCfg = Release|Any CPU
		{0052F7BC-BE0D-45E0-AEA6-59246CA5D31B}.Release|Any CPU.Build.0 = Release|Any CPU
		{773B114F-ABCA-40F1-ABEC-F6645AD8013C}.Debug|Any CPU.ActiveCfg = Debug|Any CPU
		{773B114F-ABCA-40F1-ABEC-F6645AD8013C}.Debug|Any CPU.Build.0 = Debug|Any CPU
		{773B114F-ABCA-40F1-ABEC-F6645AD8013C}.Release|Any CPU.ActiveCfg = Release|Any CPU
		{773B114F-ABCA-40F1-ABEC-F6645AD8013C}.Release|Any CPU.Build.0 = Release|Any CPU
		{51D369E3-597E-4A0E-84C4-FE89B583FF60}.Debug|Any CPU.ActiveCfg = Debug|Any CPU
		{51D369E3-597E-4A0E-84C4-FE89B583FF60}.Debug|Any CPU.Build.0 = Debug|Any CPU
		{51D369E3-597E-4A0E-84C4-FE89B583FF60}.Release|Any CPU.ActiveCfg = Release|Any CPU
		{51D369E3-597E-4A0E-84C4-FE89B583FF60}.Release|Any CPU.Build.0 = Release|Any CPU
		{C4629F6D-A128-4FD1-ADD1-BEF1179C4FF8}.Debug|Any CPU.ActiveCfg = Debug|Any CPU
		{C4629F6D-A128-4FD1-ADD1-BEF1179C4FF8}.Debug|Any CPU.Build.0 = Debug|Any CPU
		{C4629F6D-A128-4FD1-ADD1-BEF1179C4FF8}.Release|Any CPU.ActiveCfg = Release|Any CPU
		{C4629F6D-A128-4FD1-ADD1-BEF1179C4FF8}.Release|Any CPU.Build.0 = Release|Any CPU
		{7233840E-D9BF-4CBF-965A-46F34A4DBBB9}.Debug|Any CPU.ActiveCfg = Debug|Any CPU
		{7233840E-D9BF-4CBF-965A-46F34A4DBBB9}.Debug|Any CPU.Build.0 = Debug|Any CPU
		{7233840E-D9BF-4CBF-965A-46F34A4DBBB9}.Release|Any CPU.ActiveCfg = Release|Any CPU
		{7233840E-D9BF-4CBF-965A-46F34A4DBBB9}.Release|Any CPU.Build.0 = Release|Any CPU
	EndGlobalSection
	GlobalSection(SolutionProperties) = preSolution
		HideSolutionNode = FALSE
	EndGlobalSection
	GlobalSection(NestedProjects) = preSolution
		{18135D48-F3F7-480D-9C20-1FFB171A32E8} = {E673754F-D813-4091-9003-178CA7A57C1C}
		{28087A0C-F7EF-4209-BD3B-91C8131889F1} = {E673754F-D813-4091-9003-178CA7A57C1C}
		{2FBF7AE0-70AD-43B0-BAF2-038393DEBC02} = {E673754F-D813-4091-9003-178CA7A57C1C}
		{2127DFFA-1756-47BF-AD38-3C1A152A9828} = {A0FFD600-EDA9-4539-8045-F72E034B335E}
		{86DC6A9F-112C-483E-A107-3647C741ACBE} = {A0FFD600-EDA9-4539-8045-F72E034B335E}
		{0052F7BC-BE0D-45E0-AEA6-59246CA5D31B} = {A0FFD600-EDA9-4539-8045-F72E034B335E}
		{773B114F-ABCA-40F1-ABEC-F6645AD8013C} = {B61DC050-7798-415F-BB70-2CF889258ED8}
		{51D369E3-597E-4A0E-84C4-FE89B583FF60} = {B61DC050-7798-415F-BB70-2CF889258ED8}
		{C4629F6D-A128-4FD1-ADD1-BEF1179C4FF8} = {B61DC050-7798-415F-BB70-2CF889258ED8}
		{7233840E-D9BF-4CBF-965A-46F34A4DBBB9} = {6B5D1974-9FF8-4279-8889-F5B1BC023682}
	EndGlobalSection
	GlobalSection(ExtensibilityGlobals) = postSolution
		SolutionGuid = {06602129-CE8A-49BC-AE74-D623211DD6DF}
	EndGlobalSection
EndGlobal
